
Microsoft Visual Studio Solution File, Format Version 12.00
# Visual Studio Version 16
VisualStudioVersion = 16.0.30621.155
MinimumVisualStudioVersion = 10.0.40219.1
Project("{2150E333-8FDC-42A3-9474-1A3956D46DE8}") = "Client", "Client", "{3E2CF4FD-85BD-4E60-A688-FB18BFDC2D42}"
EndProject
Project("{FAE04EC0-301F-11D3-BF4B-00C04F79EFBC}") = "MainClient", "MainClient\MainClient.csproj", "{A0DAEC5F-32FC-4F47-AC89-FE07788C692B}"
EndProject
Project("{2150E333-8FDC-42A3-9474-1A3956D46DE8}") = "Database", "Database", "{1074F882-4C70-4DB6-8B95-772F9C52A4AA}"
EndProject
Project("{FAE04EC0-301F-11D3-BF4B-00C04F79EFBC}") = "CoreClient", "CoreClient\CoreClient.csproj", "{CB93C7A8-8862-473D-9D7B-6ADF67FF0C6C}"
EndProject
Project("{2150E333-8FDC-42A3-9474-1A3956D46DE8}") = "Server", "Server", "{A1B26C25-A1A4-4091-8D3F-5DE3A19C8B6B}"
EndProject
Project("{FAE04EC0-301F-11D3-BF4B-00C04F79EFBC}") = "WCFServer", "WCFServer\WCFServer.csproj", "{53187C52-DE13-4D3A-8493-29223D40DC8A}"
EndProject
Project("{FAE04EC0-301F-11D3-BF4B-00C04F79EFBC}") = "WCFCore", "WCFCore\WCFCore.csproj", "{A0812F72-CBB8-4403-8A99-898F1DDB615B}"
EndProject
Project("{FAE04EC0-301F-11D3-BF4B-00C04F79EFBC}") = "EFCore", "EFCore\EFCore.csproj", "{83982E60-45EA-4F6A-BFA0-2634FAD77C67}"
EndProject
Project("{FAE04EC0-301F-11D3-BF4B-00C04F79EFBC}") = "WCFClient", "WCFClient\WCFClient.csproj", "{76B12C93-2DC7-4E49-8E97-130F5468ABE5}"
EndProject
Project("{FAE04EC0-301F-11D3-BF4B-00C04F79EFBC}") = "MSAccessCore", "MSAccessCore\MSAccessCore.csproj", "{87FCB3AD-B618-46AA-9855-B4815912B83E}"
EndProject
Project("{2150E333-8FDC-42A3-9474-1A3956D46DE8}") = "InjectingCore", "InjectingCore", "{5F1B6379-C98B-4CB3-9FBC-35FAA47CD23D}"
EndProject
Project("{FAE04EC0-301F-11D3-BF4B-00C04F79EFBC}") = "InjectingCoreLibrary", "InjectingCoreLibrary\InjectingCoreLibrary.csproj", "{48617673-837A-41AE-ACDC-ADB0A3B275A7}"
EndProject
Project("{FAE04EC0-301F-11D3-BF4B-00C04F79EFBC}") = "WCFProxy", "WCFProxy\WCFProxy.csproj", "{061350E6-73B2-43DD-B1A4-40A841ECDD5A}"
EndProject
Project("{FAE04EC0-301F-11D3-BF4B-00C04F79EFBC}") = "ClientDataServices", "ClientDataServices\ClientDataServices.csproj", "{28021CE1-9035-4186-8B94-B7593F84F9B8}"
EndProject
Project("{FAE04EC0-301F-11D3-BF4B-00C04F79EFBC}") = "PermissionsManager", "PermissionsManager\PermissionsManager.csproj", "{53AB0D7D-E803-473C-92C7-E6A2B873A5A9}"
EndProject
Project("{FAE04EC0-301F-11D3-BF4B-00C04F79EFBC}") = "ApplicationModels", "ApplicationModels\ApplicationModels.csproj", "{5569D614-C354-451F-BDD9-D3DB80D88BB3}"
EndProject
Global
	GlobalSection(SolutionConfigurationPlatforms) = preSolution
		Debug|Any CPU = Debug|Any CPU
		Debug|x86 = Debug|x86
		Release|Any CPU = Release|Any CPU
		Release|x86 = Release|x86
	EndGlobalSection
	GlobalSection(ProjectConfigurationPlatforms) = postSolution
		{A0DAEC5F-32FC-4F47-AC89-FE07788C692B}.Debug|Any CPU.ActiveCfg = Debug|Any CPU
		{A0DAEC5F-32FC-4F47-AC89-FE07788C692B}.Debug|Any CPU.Build.0 = Debug|Any CPU
		{A0DAEC5F-32FC-4F47-AC89-FE07788C692B}.Debug|x86.ActiveCfg = Debug|x86
		{A0DAEC5F-32FC-4F47-AC89-FE07788C692B}.Debug|x86.Build.0 = Debug|x86
		{A0DAEC5F-32FC-4F47-AC89-FE07788C692B}.Release|Any CPU.ActiveCfg = Release|Any CPU
		{A0DAEC5F-32FC-4F47-AC89-FE07788C692B}.Release|Any CPU.Build.0 = Release|Any CPU
		{A0DAEC5F-32FC-4F47-AC89-FE07788C692B}.Release|x86.ActiveCfg = Release|x86
		{A0DAEC5F-32FC-4F47-AC89-FE07788C692B}.Release|x86.Build.0 = Release|x86
		{CB93C7A8-8862-473D-9D7B-6ADF67FF0C6C}.Debug|Any CPU.ActiveCfg = Debug|Any CPU
		{CB93C7A8-8862-473D-9D7B-6ADF67FF0C6C}.Debug|Any CPU.Build.0 = Debug|Any CPU
		{CB93C7A8-8862-473D-9D7B-6ADF67FF0C6C}.Debug|x86.ActiveCfg = Debug|x86
		{CB93C7A8-8862-473D-9D7B-6ADF67FF0C6C}.Debug|x86.Build.0 = Debug|x86
		{CB93C7A8-8862-473D-9D7B-6ADF67FF0C6C}.Release|Any CPU.ActiveCfg = Release|Any CPU
		{CB93C7A8-8862-473D-9D7B-6ADF67FF0C6C}.Release|Any CPU.Build.0 = Release|Any CPU
		{CB93C7A8-8862-473D-9D7B-6ADF67FF0C6C}.Release|x86.ActiveCfg = Release|x86
		{CB93C7A8-8862-473D-9D7B-6ADF67FF0C6C}.Release|x86.Build.0 = Release|x86
		{53187C52-DE13-4D3A-8493-29223D40DC8A}.Debug|Any CPU.ActiveCfg = Debug|Any CPU
		{53187C52-DE13-4D3A-8493-29223D40DC8A}.Debug|Any CPU.Build.0 = Debug|Any CPU
		{53187C52-DE13-4D3A-8493-29223D40DC8A}.Debug|x86.ActiveCfg = Debug|x86
		{53187C52-DE13-4D3A-8493-29223D40DC8A}.Debug|x86.Build.0 = Debug|x86
		{53187C52-DE13-4D3A-8493-29223D40DC8A}.Release|Any CPU.ActiveCfg = Release|Any CPU
		{53187C52-DE13-4D3A-8493-29223D40DC8A}.Release|Any CPU.Build.0 = Release|Any CPU
		{53187C52-DE13-4D3A-8493-29223D40DC8A}.Release|x86.ActiveCfg = Release|x86
		{53187C52-DE13-4D3A-8493-29223D40DC8A}.Release|x86.Build.0 = Release|x86
		{A0812F72-CBB8-4403-8A99-898F1DDB615B}.Debug|Any CPU.ActiveCfg = Debug|Any CPU
		{A0812F72-CBB8-4403-8A99-898F1DDB615B}.Debug|Any CPU.Build.0 = Debug|Any CPU
		{A0812F72-CBB8-4403-8A99-898F1DDB615B}.Debug|x86.ActiveCfg = Debug|x86
		{A0812F72-CBB8-4403-8A99-898F1DDB615B}.Debug|x86.Build.0 = Debug|x86
		{A0812F72-CBB8-4403-8A99-898F1DDB615B}.Release|Any CPU.ActiveCfg = Release|Any CPU
		{A0812F72-CBB8-4403-8A99-898F1DDB615B}.Release|Any CPU.Build.0 = Release|Any CPU
		{A0812F72-CBB8-4403-8A99-898F1DDB615B}.Release|x86.ActiveCfg = Release|x86
		{A0812F72-CBB8-4403-8A99-898F1DDB615B}.Release|x86.Build.0 = Release|x86
		{83982E60-45EA-4F6A-BFA0-2634FAD77C67}.Debug|Any CPU.ActiveCfg = Debug|Any CPU
		{83982E60-45EA-4F6A-BFA0-2634FAD77C67}.Debug|Any CPU.Build.0 = Debug|Any CPU
		{83982E60-45EA-4F6A-BFA0-2634FAD77C67}.Debug|x86.ActiveCfg = Debug|x86
		{83982E60-45EA-4F6A-BFA0-2634FAD77C67}.Debug|x86.Build.0 = Debug|x86
		{83982E60-45EA-4F6A-BFA0-2634FAD77C67}.Release|Any CPU.ActiveCfg = Release|Any CPU
		{83982E60-45EA-4F6A-BFA0-2634FAD77C67}.Release|Any CPU.Build.0 = Release|Any CPU
		{83982E60-45EA-4F6A-BFA0-2634FAD77C67}.Release|x86.ActiveCfg = Release|x86
		{83982E60-45EA-4F6A-BFA0-2634FAD77C67}.Release|x86.Build.0 = Release|x86
		{76B12C93-2DC7-4E49-8E97-130F5468ABE5}.Debug|Any CPU.ActiveCfg = Debug|Any CPU
		{76B12C93-2DC7-4E49-8E97-130F5468ABE5}.Debug|Any CPU.Build.0 = Debug|Any CPU
		{76B12C93-2DC7-4E49-8E97-130F5468ABE5}.Debug|x86.ActiveCfg = Debug|x86
		{76B12C93-2DC7-4E49-8E97-130F5468ABE5}.Debug|x86.Build.0 = Debug|x86
		{76B12C93-2DC7-4E49-8E97-130F5468ABE5}.Release|Any CPU.ActiveCfg = Release|Any CPU
		{76B12C93-2DC7-4E49-8E97-130F5468ABE5}.Release|Any CPU.Build.0 = Release|Any CPU
		{76B12C93-2DC7-4E49-8E97-130F5468ABE5}.Release|x86.ActiveCfg = Release|x86
		{76B12C93-2DC7-4E49-8E97-130F5468ABE5}.Release|x86.Build.0 = Release|x86
		{87FCB3AD-B618-46AA-9855-B4815912B83E}.Debug|Any CPU.ActiveCfg = Debug|Any CPU
		{87FCB3AD-B618-46AA-9855-B4815912B83E}.Debug|Any CPU.Build.0 = Debug|Any CPU
		{87FCB3AD-B618-46AA-9855-B4815912B83E}.Debug|x86.ActiveCfg = Debug|Any CPU
		{87FCB3AD-B618-46AA-9855-B4815912B83E}.Debug|x86.Build.0 = Debug|Any CPU
		{87FCB3AD-B618-46AA-9855-B4815912B83E}.Release|Any CPU.ActiveCfg = Release|Any CPU
		{87FCB3AD-B618-46AA-9855-B4815912B83E}.Release|Any CPU.Build.0 = Release|Any CPU
		{87FCB3AD-B618-46AA-9855-B4815912B83E}.Release|x86.ActiveCfg = Release|Any CPU
		{87FCB3AD-B618-46AA-9855-B4815912B83E}.Release|x86.Build.0 = Release|Any CPU
		{48617673-837A-41AE-ACDC-ADB0A3B275A7}.Debug|Any CPU.ActiveCfg = Debug|Any CPU
		{48617673-837A-41AE-ACDC-ADB0A3B275A7}.Debug|Any CPU.Build.0 = Debug|Any CPU
		{48617673-837A-41AE-ACDC-ADB0A3B275A7}.Debug|x86.ActiveCfg = Debug|Any CPU
		{48617673-837A-41AE-ACDC-ADB0A3B275A7}.Debug|x86.Build.0 = Debug|Any CPU
		{48617673-837A-41AE-ACDC-ADB0A3B275A7}.Release|Any CPU.ActiveCfg = Release|Any CPU
		{48617673-837A-41AE-ACDC-ADB0A3B275A7}.Release|Any CPU.Build.0 = Release|Any CPU
		{48617673-837A-41AE-ACDC-ADB0A3B275A7}.Release|x86.ActiveCfg = Release|Any CPU
		{48617673-837A-41AE-ACDC-ADB0A3B275A7}.Release|x86.Build.0 = Release|Any CPU
		{061350E6-73B2-43DD-B1A4-40A841ECDD5A}.Debug|Any CPU.ActiveCfg = Debug|Any CPU
		{061350E6-73B2-43DD-B1A4-40A841ECDD5A}.Debug|Any CPU.Build.0 = Debug|Any CPU
		{061350E6-73B2-43DD-B1A4-40A841ECDD5A}.Debug|x86.ActiveCfg = Debug|Any CPU
		{061350E6-73B2-43DD-B1A4-40A841ECDD5A}.Debug|x86.Build.0 = Debug|Any CPU
		{061350E6-73B2-43DD-B1A4-40A841ECDD5A}.Release|Any CPU.ActiveCfg = Release|Any CPU
		{061350E6-73B2-43DD-B1A4-40A841ECDD5A}.Release|Any CPU.Build.0 = Release|Any CPU
		{061350E6-73B2-43DD-B1A4-40A841ECDD5A}.Release|x86.ActiveCfg = Release|Any CPU
		{061350E6-73B2-43DD-B1A4-40A841ECDD5A}.Release|x86.Build.0 = Release|Any CPU
		{28021CE1-9035-4186-8B94-B7593F84F9B8}.Debug|Any CPU.ActiveCfg = Debug|Any CPU
		{28021CE1-9035-4186-8B94-B7593F84F9B8}.Debug|Any CPU.Build.0 = Debug|Any CPU
		{28021CE1-9035-4186-8B94-B7593F84F9B8}.Debug|x86.ActiveCfg = Debug|Any CPU
		{28021CE1-9035-4186-8B94-B7593F84F9B8}.Debug|x86.Build.0 = Debug|Any CPU
		{28021CE1-9035-4186-8B94-B7593F84F9B8}.Release|Any CPU.ActiveCfg = Release|Any CPU
		{28021CE1-9035-4186-8B94-B7593F84F9B8}.Release|Any CPU.Build.0 = Release|Any CPU
		{28021CE1-9035-4186-8B94-B7593F84F9B8}.Release|x86.ActiveCfg = Release|Any CPU
		{28021CE1-9035-4186-8B94-B7593F84F9B8}.Release|x86.Build.0 = Release|Any CPU
		{53AB0D7D-E803-473C-92C7-E6A2B873A5A9}.Debug|Any CPU.ActiveCfg = Debug|Any CPU
		{53AB0D7D-E803-473C-92C7-E6A2B873A5A9}.Debug|Any CPU.Build.0 = Debug|Any CPU
		{53AB0D7D-E803-473C-92C7-E6A2B873A5A9}.Debug|x86.ActiveCfg = Debug|Any CPU
		{53AB0D7D-E803-473C-92C7-E6A2B873A5A9}.Debug|x86.Build.0 = Debug|Any CPU
		{53AB0D7D-E803-473C-92C7-E6A2B873A5A9}.Release|Any CPU.ActiveCfg = Release|Any CPU
		{53AB0D7D-E803-473C-92C7-E6A2B873A5A9}.Release|Any CPU.Build.0 = Release|Any CPU
		{53AB0D7D-E803-473C-92C7-E6A2B873A5A9}.Release|x86.ActiveCfg = Release|Any CPU
		{53AB0D7D-E803-473C-92C7-E6A2B873A5A9}.Release|x86.Build.0 = Release|Any CPU
		{5569D614-C354-451F-BDD9-D3DB80D88BB3}.Debug|Any CPU.ActiveCfg = Debug|Any CPU
		{5569D614-C354-451F-BDD9-D3DB80D88BB3}.Debug|Any CPU.Build.0 = Debug|Any CPU
		{5569D614-C354-451F-BDD9-D3DB80D88BB3}.Debug|x86.ActiveCfg = Debug|Any CPU
		{5569D614-C354-451F-BDD9-D3DB80D88BB3}.Debug|x86.Build.0 = Debug|Any CPU
		{5569D614-C354-451F-BDD9-D3DB80D88BB3}.Release|Any CPU.ActiveCfg = Release|Any CPU
		{5569D614-C354-451F-BDD9-D3DB80D88BB3}.Release|Any CPU.Build.0 = Release|Any CPU
		{5569D614-C354-451F-BDD9-D3DB80D88BB3}.Release|x86.ActiveCfg = Release|Any CPU
		{5569D614-C354-451F-BDD9-D3DB80D88BB3}.Release|x86.Build.0 = Release|Any CPU
	EndGlobalSection
	GlobalSection(SolutionProperties) = preSolution
		HideSolutionNode = FALSE
	EndGlobalSection
	GlobalSection(NestedProjects) = preSolution
		{A0DAEC5F-32FC-4F47-AC89-FE07788C692B} = {3E2CF4FD-85BD-4E60-A688-FB18BFDC2D42}
		{CB93C7A8-8862-473D-9D7B-6ADF67FF0C6C} = {3E2CF4FD-85BD-4E60-A688-FB18BFDC2D42}
		{53187C52-DE13-4D3A-8493-29223D40DC8A} = {A1B26C25-A1A4-4091-8D3F-5DE3A19C8B6B}
		{A0812F72-CBB8-4403-8A99-898F1DDB615B} = {1074F882-4C70-4DB6-8B95-772F9C52A4AA}
		{83982E60-45EA-4F6A-BFA0-2634FAD77C67} = {1074F882-4C70-4DB6-8B95-772F9C52A4AA}
		{76B12C93-2DC7-4E49-8E97-130F5468ABE5} = {1074F882-4C70-4DB6-8B95-772F9C52A4AA}
		{87FCB3AD-B618-46AA-9855-B4815912B83E} = {1074F882-4C70-4DB6-8B95-772F9C52A4AA}
		{48617673-837A-41AE-ACDC-ADB0A3B275A7} = {5F1B6379-C98B-4CB3-9FBC-35FAA47CD23D}
		{061350E6-73B2-43DD-B1A4-40A841ECDD5A} = {1074F882-4C70-4DB6-8B95-772F9C52A4AA}
		{28021CE1-9035-4186-8B94-B7593F84F9B8} = {3E2CF4FD-85BD-4E60-A688-FB18BFDC2D42}
		{53AB0D7D-E803-473C-92C7-E6A2B873A5A9} = {3E2CF4FD-85BD-4E60-A688-FB18BFDC2D42}
		{5569D614-C354-451F-BDD9-D3DB80D88BB3} = {3E2CF4FD-85BD-4E60-A688-FB18BFDC2D42}
	EndGlobalSection
	GlobalSection(ExtensibilityGlobals) = postSolution
		SolutionGuid = {4F8E3AF6-CCD4-4710-9E12-A8B96778762D}
	EndGlobalSection
EndGlobal
